// !$*UTF8*$!
{
	archiveVersion = 1;
	classes = {
	};
	objectVersion = 56;
	objects = {

/* Begin PBXBuildFile section */
		078865032C563559007D974C /* WeatherForecastApp.swift in Sources */ = {isa = PBXBuildFile; fileRef = 078865022C563559007D974C /* WeatherForecastApp.swift */; };
		078865052C563559007D974C /* ContentView.swift in Sources */ = {isa = PBXBuildFile; fileRef = 078865042C563559007D974C /* ContentView.swift */; };
		078865072C56355D007D974C /* Assets.xcassets in Resources */ = {isa = PBXBuildFile; fileRef = 078865062C56355D007D974C /* Assets.xcassets */; };
		0788650A2C56355D007D974C /* Preview Assets.xcassets in Resources */ = {isa = PBXBuildFile; fileRef = 078865092C56355D007D974C /* Preview Assets.xcassets */; };
		078865142C56355D007D974C /* WeatherForecastTests.swift in Sources */ = {isa = PBXBuildFile; fileRef = 078865132C56355D007D974C /* WeatherForecastTests.swift */; };
		0788651E2C56355D007D974C /* WeatherForecastUITests.swift in Sources */ = {isa = PBXBuildFile; fileRef = 0788651D2C56355D007D974C /* WeatherForecastUITests.swift */; };
		078865202C56355D007D974C /* WeatherForecastUITestsLaunchTests.swift in Sources */ = {isa = PBXBuildFile; fileRef = 0788651F2C56355D007D974C /* WeatherForecastUITestsLaunchTests.swift */; };
		0788652F2C5639C1007D974C /* URL.swift in Sources */ = {isa = PBXBuildFile; fileRef = 0788652E2C5639C1007D974C /* URL.swift */; };
		078865322C563A26007D974C /* APICall.swift in Sources */ = {isa = PBXBuildFile; fileRef = 078865312C563A26007D974C /* APICall.swift */; };
		078865342C563B2F007D974C /* UserRouter.swift in Sources */ = {isa = PBXBuildFile; fileRef = 078865332C563B2F007D974C /* UserRouter.swift */; };
		078865362C563E0F007D974C /* APIManager.swift in Sources */ = {isa = PBXBuildFile; fileRef = 078865352C563E0F007D974C /* APIManager.swift */; };
		078865392C564098007D974C /* ErrorView.swift in Sources */ = {isa = PBXBuildFile; fileRef = 078865382C564098007D974C /* ErrorView.swift */; };
		0788653B2C5640AC007D974C /* MessageView.swift in Sources */ = {isa = PBXBuildFile; fileRef = 0788653A2C5640AC007D974C /* MessageView.swift */; };
		0788653E2C564159007D974C /* BaseViewModel.swift in Sources */ = {isa = PBXBuildFile; fileRef = 0788653D2C564159007D974C /* BaseViewModel.swift */; };
		078865412C564235007D974C /* Meta.swift in Sources */ = {isa = PBXBuildFile; fileRef = 078865402C564235007D974C /* Meta.swift */; };
		078865432C56424A007D974C /* Unit.swift in Sources */ = {isa = PBXBuildFile; fileRef = 078865422C56424A007D974C /* Unit.swift */; };
		078865452C564399007D974C /* Detail.swift in Sources */ = {isa = PBXBuildFile; fileRef = 078865442C564399007D974C /* Detail.swift */; };
		078865472C564768007D974C /* TimeSeries.swift in Sources */ = {isa = PBXBuildFile; fileRef = 078865462C564768007D974C /* TimeSeries.swift */; };
		0788654E2C566C1D007D974C /* LocationForecastManager.swift in Sources */ = {isa = PBXBuildFile; fileRef = 0788654D2C566C1D007D974C /* LocationForecastManager.swift */; };
		078865502C566CCB007D974C /* LocationForecast.swift in Sources */ = {isa = PBXBuildFile; fileRef = 0788654F2C566CCB007D974C /* LocationForecast.swift */; };
		078865532C566D10007D974C /* Properties.swift in Sources */ = {isa = PBXBuildFile; fileRef = 078865522C566D10007D974C /* Properties.swift */; };
		078865552C5673FF007D974C /* HomeViewModel.swift in Sources */ = {isa = PBXBuildFile; fileRef = 078865542C5673FF007D974C /* HomeViewModel.swift */; };
		078865592C56764B007D974C /* HomeView.swift in Sources */ = {isa = PBXBuildFile; fileRef = 078865582C56764B007D974C /* HomeView.swift */; };
		0788655B2C569C5A007D974C /* BackgroundView.swift in Sources */ = {isa = PBXBuildFile; fileRef = 0788655A2C569C5A007D974C /* BackgroundView.swift */; };
/* End PBXBuildFile section */

/* Begin PBXContainerItemProxy section */
		078865102C56355D007D974C /* PBXContainerItemProxy */ = {
			isa = PBXContainerItemProxy;
			containerPortal = 078864F72C563559007D974C /* Project object */;
			proxyType = 1;
			remoteGlobalIDString = 078864FE2C563559007D974C;
			remoteInfo = WeatherForecast;
		};
		0788651A2C56355D007D974C /* PBXContainerItemProxy */ = {
			isa = PBXContainerItemProxy;
			containerPortal = 078864F72C563559007D974C /* Project object */;
			proxyType = 1;
			remoteGlobalIDString = 078864FE2C563559007D974C;
			remoteInfo = WeatherForecast;
		};
/* End PBXContainerItemProxy section */

/* Begin PBXFileReference section */
		078864FF2C563559007D974C /* WeatherForecast.app */ = {isa = PBXFileReference; explicitFileType = wrapper.application; includeInIndex = 0; path = WeatherForecast.app; sourceTree = BUILT_PRODUCTS_DIR; };
		078865022C563559007D974C /* WeatherForecastApp.swift */ = {isa = PBXFileReference; lastKnownFileType = sourcecode.swift; path = WeatherForecastApp.swift; sourceTree = "<group>"; };
		078865042C563559007D974C /* ContentView.swift */ = {isa = PBXFileReference; lastKnownFileType = sourcecode.swift; path = ContentView.swift; sourceTree = "<group>"; };
		078865062C56355D007D974C /* Assets.xcassets */ = {isa = PBXFileReference; lastKnownFileType = folder.assetcatalog; path = Assets.xcassets; sourceTree = "<group>"; };
		078865092C56355D007D974C /* Preview Assets.xcassets */ = {isa = PBXFileReference; lastKnownFileType = folder.assetcatalog; path = "Preview Assets.xcassets"; sourceTree = "<group>"; };
		0788650F2C56355D007D974C /* WeatherForecastTests.xctest */ = {isa = PBXFileReference; explicitFileType = wrapper.cfbundle; includeInIndex = 0; path = WeatherForecastTests.xctest; sourceTree = BUILT_PRODUCTS_DIR; };
		078865132C56355D007D974C /* WeatherForecastTests.swift */ = {isa = PBXFileReference; lastKnownFileType = sourcecode.swift; path = WeatherForecastTests.swift; sourceTree = "<group>"; };
		078865192C56355D007D974C /* WeatherForecastUITests.xctest */ = {isa = PBXFileReference; explicitFileType = wrapper.cfbundle; includeInIndex = 0; path = WeatherForecastUITests.xctest; sourceTree = BUILT_PRODUCTS_DIR; };
		0788651D2C56355D007D974C /* WeatherForecastUITests.swift */ = {isa = PBXFileReference; lastKnownFileType = sourcecode.swift; path = WeatherForecastUITests.swift; sourceTree = "<group>"; };
		0788651F2C56355D007D974C /* WeatherForecastUITestsLaunchTests.swift */ = {isa = PBXFileReference; lastKnownFileType = sourcecode.swift; path = WeatherForecastUITestsLaunchTests.swift; sourceTree = "<group>"; };
		0788652E2C5639C1007D974C /* URL.swift */ = {isa = PBXFileReference; lastKnownFileType = sourcecode.swift; path = URL.swift; sourceTree = "<group>"; };
		078865312C563A26007D974C /* APICall.swift */ = {isa = PBXFileReference; lastKnownFileType = sourcecode.swift; path = APICall.swift; sourceTree = "<group>"; };
		078865332C563B2F007D974C /* UserRouter.swift */ = {isa = PBXFileReference; lastKnownFileType = sourcecode.swift; path = UserRouter.swift; sourceTree = "<group>"; };
		078865352C563E0F007D974C /* APIManager.swift */ = {isa = PBXFileReference; lastKnownFileType = sourcecode.swift; path = APIManager.swift; sourceTree = "<group>"; };
		078865382C564098007D974C /* ErrorView.swift */ = {isa = PBXFileReference; lastKnownFileType = sourcecode.swift; path = ErrorView.swift; sourceTree = "<group>"; };
		0788653A2C5640AC007D974C /* MessageView.swift */ = {isa = PBXFileReference; lastKnownFileType = sourcecode.swift; path = MessageView.swift; sourceTree = "<group>"; };
		0788653D2C564159007D974C /* BaseViewModel.swift */ = {isa = PBXFileReference; lastKnownFileType = sourcecode.swift; path = BaseViewModel.swift; sourceTree = "<group>"; };
		078865402C564235007D974C /* Meta.swift */ = {isa = PBXFileReference; lastKnownFileType = sourcecode.swift; path = Meta.swift; sourceTree = "<group>"; };
		078865422C56424A007D974C /* Unit.swift */ = {isa = PBXFileReference; lastKnownFileType = sourcecode.swift; path = Unit.swift; sourceTree = "<group>"; };
		078865442C564399007D974C /* Detail.swift */ = {isa = PBXFileReference; lastKnownFileType = sourcecode.swift; path = Detail.swift; sourceTree = "<group>"; };
		078865462C564768007D974C /* TimeSeries.swift */ = {isa = PBXFileReference; lastKnownFileType = sourcecode.swift; path = TimeSeries.swift; sourceTree = "<group>"; };
		0788654D2C566C1D007D974C /* LocationForecastManager.swift */ = {isa = PBXFileReference; lastKnownFileType = sourcecode.swift; path = LocationForecastManager.swift; sourceTree = "<group>"; };
		0788654F2C566CCB007D974C /* LocationForecast.swift */ = {isa = PBXFileReference; lastKnownFileType = sourcecode.swift; path = LocationForecast.swift; sourceTree = "<group>"; };
		078865522C566D10007D974C /* Properties.swift */ = {isa = PBXFileReference; lastKnownFileType = sourcecode.swift; path = Properties.swift; sourceTree = "<group>"; };
		078865542C5673FF007D974C /* HomeViewModel.swift */ = {isa = PBXFileReference; lastKnownFileType = sourcecode.swift; path = HomeViewModel.swift; sourceTree = "<group>"; };
		078865582C56764B007D974C /* HomeView.swift */ = {isa = PBXFileReference; lastKnownFileType = sourcecode.swift; path = HomeView.swift; sourceTree = "<group>"; };
		0788655A2C569C5A007D974C /* BackgroundView.swift */ = {isa = PBXFileReference; lastKnownFileType = sourcecode.swift; path = BackgroundView.swift; sourceTree = "<group>"; };
/* End PBXFileReference section */

/* Begin PBXFrameworksBuildPhase section */
		078864FC2C563559007D974C /* Frameworks */ = {
			isa = PBXFrameworksBuildPhase;
			buildActionMask = 2147483647;
			files = (
			);
			runOnlyForDeploymentPostprocessing = 0;
		};
		0788650C2C56355D007D974C /* Frameworks */ = {
			isa = PBXFrameworksBuildPhase;
			buildActionMask = 2147483647;
			files = (
			);
			runOnlyForDeploymentPostprocessing = 0;
		};
		078865162C56355D007D974C /* Frameworks */ = {
			isa = PBXFrameworksBuildPhase;
			buildActionMask = 2147483647;
			files = (
			);
			runOnlyForDeploymentPostprocessing = 0;
		};
/* End PBXFrameworksBuildPhase section */

/* Begin PBXGroup section */
		078864F62C563559007D974C = {
			isa = PBXGroup;
			children = (
				078865012C563559007D974C /* WeatherForecast */,
				078865122C56355D007D974C /* WeatherForecastTests */,
				0788651C2C56355D007D974C /* WeatherForecastUITests */,
				078865002C563559007D974C /* Products */,
			);
			sourceTree = "<group>";
		};
		078865002C563559007D974C /* Products */ = {
			isa = PBXGroup;
			children = (
				078864FF2C563559007D974C /* WeatherForecast.app */,
				0788650F2C56355D007D974C /* WeatherForecastTests.xctest */,
				078865192C56355D007D974C /* WeatherForecastUITests.xctest */,
			);
			name = Products;
			sourceTree = "<group>";
		};
		078865012C563559007D974C /* WeatherForecast */ = {
			isa = PBXGroup;
			children = (
				0788653C2C56414E007D974C /* Base */,
				078865372C563E81007D974C /* CustomViews */,
				0788652D2C563999007D974C /* Extension */,
				078865482C566B15007D974C /* Manager */,
				0788653F2C5641DF007D974C /* Model */,
				078865492C566B1E007D974C /* Modules */,
				078865302C5639DD007D974C /* Networking */,
				078865082C56355D007D974C /* Preview Content */,
				0788652C2C5638AE007D974C /* Resources */,
				078865022C563559007D974C /* WeatherForecastApp.swift */,
				078865042C563559007D974C /* ContentView.swift */,
			);
			path = WeatherForecast;
			sourceTree = "<group>";
		};
		078865082C56355D007D974C /* Preview Content */ = {
			isa = PBXGroup;
			children = (
				078865092C56355D007D974C /* Preview Assets.xcassets */,
			);
			path = "Preview Content";
			sourceTree = "<group>";
		};
		078865122C56355D007D974C /* WeatherForecastTests */ = {
			isa = PBXGroup;
			children = (
				078865132C56355D007D974C /* WeatherForecastTests.swift */,
			);
			path = WeatherForecastTests;
			sourceTree = "<group>";
		};
		0788651C2C56355D007D974C /* WeatherForecastUITests */ = {
			isa = PBXGroup;
			children = (
				0788651D2C56355D007D974C /* WeatherForecastUITests.swift */,
				0788651F2C56355D007D974C /* WeatherForecastUITestsLaunchTests.swift */,
			);
			path = WeatherForecastUITests;
			sourceTree = "<group>";
		};
		0788652C2C5638AE007D974C /* Resources */ = {
			isa = PBXGroup;
			children = (
				078865062C56355D007D974C /* Assets.xcassets */,
			);
			path = Resources;
			sourceTree = "<group>";
		};
		0788652D2C563999007D974C /* Extension */ = {
			isa = PBXGroup;
			children = (
				0788652E2C5639C1007D974C /* URL.swift */,
			);
			path = Extension;
			sourceTree = "<group>";
		};
		078865302C5639DD007D974C /* Networking */ = {
			isa = PBXGroup;
			children = (
				078865312C563A26007D974C /* APICall.swift */,
				078865332C563B2F007D974C /* UserRouter.swift */,
				078865352C563E0F007D974C /* APIManager.swift */,
			);
			path = Networking;
			sourceTree = "<group>";
		};
		078865372C563E81007D974C /* CustomViews */ = {
			isa = PBXGroup;
			children = (
				078865382C564098007D974C /* ErrorView.swift */,
				0788653A2C5640AC007D974C /* MessageView.swift */,
				0788655A2C569C5A007D974C /* BackgroundView.swift */,
			);
			path = CustomViews;
			sourceTree = "<group>";
		};
		0788653C2C56414E007D974C /* Base */ = {
			isa = PBXGroup;
			children = (
				0788653D2C564159007D974C /* BaseViewModel.swift */,
			);
			path = Base;
			sourceTree = "<group>";
		};
		0788653F2C5641DF007D974C /* Model */ = {
			isa = PBXGroup;
			children = (
				0788654F2C566CCB007D974C /* LocationForecast.swift */,
				078865522C566D10007D974C /* Properties.swift */,
				078865402C564235007D974C /* Meta.swift */,
				078865462C564768007D974C /* TimeSeries.swift */,
				078865422C56424A007D974C /* Unit.swift */,
				078865442C564399007D974C /* Detail.swift */,
			);
			path = Model;
			sourceTree = "<group>";
		};
		078865482C566B15007D974C /* Manager */ = {
			isa = PBXGroup;
			children = (
				0788654D2C566C1D007D974C /* LocationForecastManager.swift */,
			);
			path = Manager;
			sourceTree = "<group>";
		};
		078865492C566B1E007D974C /* Modules */ = {
			isa = PBXGroup;
			children = (
				0788654C2C566B85007D974C /* Home */,
			);
			path = Modules;
			sourceTree = "<group>";
		};
		0788654C2C566B85007D974C /* Home */ = {
			isa = PBXGroup;
			children = (
				078865582C56764B007D974C /* HomeView.swift */,
				078865542C5673FF007D974C /* HomeViewModel.swift */,
			);
			path = Home;
			sourceTree = "<group>";
		};
/* End PBXGroup section */

/* Begin PBXNativeTarget section */
		078864FE2C563559007D974C /* WeatherForecast */ = {
			isa = PBXNativeTarget;
			buildConfigurationList = 078865232C56355D007D974C /* Build configuration list for PBXNativeTarget "WeatherForecast" */;
			buildPhases = (
				078864FB2C563559007D974C /* Sources */,
				078864FC2C563559007D974C /* Frameworks */,
				078864FD2C563559007D974C /* Resources */,
			);
			buildRules = (
			);
			dependencies = (
			);
			name = WeatherForecast;
			productName = WeatherForecast;
			productReference = 078864FF2C563559007D974C /* WeatherForecast.app */;
			productType = "com.apple.product-type.application";
		};
		0788650E2C56355D007D974C /* WeatherForecastTests */ = {
			isa = PBXNativeTarget;
			buildConfigurationList = 078865262C56355D007D974C /* Build configuration list for PBXNativeTarget "WeatherForecastTests" */;
			buildPhases = (
				0788650B2C56355D007D974C /* Sources */,
				0788650C2C56355D007D974C /* Frameworks */,
				0788650D2C56355D007D974C /* Resources */,
			);
			buildRules = (
			);
			dependencies = (
				078865112C56355D007D974C /* PBXTargetDependency */,
			);
			name = WeatherForecastTests;
			productName = WeatherForecastTests;
			productReference = 0788650F2C56355D007D974C /* WeatherForecastTests.xctest */;
			productType = "com.apple.product-type.bundle.unit-test";
		};
		078865182C56355D007D974C /* WeatherForecastUITests */ = {
			isa = PBXNativeTarget;
			buildConfigurationList = 078865292C56355D007D974C /* Build configuration list for PBXNativeTarget "WeatherForecastUITests" */;
			buildPhases = (
				078865152C56355D007D974C /* Sources */,
				078865162C56355D007D974C /* Frameworks */,
				078865172C56355D007D974C /* Resources */,
			);
			buildRules = (
			);
			dependencies = (
				0788651B2C56355D007D974C /* PBXTargetDependency */,
			);
			name = WeatherForecastUITests;
			productName = WeatherForecastUITests;
			productReference = 078865192C56355D007D974C /* WeatherForecastUITests.xctest */;
			productType = "com.apple.product-type.bundle.ui-testing";
		};
/* End PBXNativeTarget section */

/* Begin PBXProject section */
		078864F72C563559007D974C /* Project object */ = {
			isa = PBXProject;
			attributes = {
				BuildIndependentTargetsInParallel = 1;
				LastSwiftUpdateCheck = 1540;
				LastUpgradeCheck = 1540;
				TargetAttributes = {
					078864FE2C563559007D974C = {
						CreatedOnToolsVersion = 15.4;
					};
					0788650E2C56355D007D974C = {
						CreatedOnToolsVersion = 15.4;
						TestTargetID = 078864FE2C563559007D974C;
					};
					078865182C56355D007D974C = {
						CreatedOnToolsVersion = 15.4;
						TestTargetID = 078864FE2C563559007D974C;
					};
				};
			};
			buildConfigurationList = 078864FA2C563559007D974C /* Build configuration list for PBXProject "WeatherForecast" */;
			compatibilityVersion = "Xcode 14.0";
			developmentRegion = en;
			hasScannedForEncodings = 0;
			knownRegions = (
				en,
				Base,
			);
			mainGroup = 078864F62C563559007D974C;
			productRefGroup = 078865002C563559007D974C /* Products */;
			projectDirPath = "";
			projectRoot = "";
			targets = (
				078864FE2C563559007D974C /* WeatherForecast */,
				0788650E2C56355D007D974C /* WeatherForecastTests */,
				078865182C56355D007D974C /* WeatherForecastUITests */,
			);
		};
/* End PBXProject section */

/* Begin PBXResourcesBuildPhase section */
		078864FD2C563559007D974C /* Resources */ = {
			isa = PBXResourcesBuildPhase;
			buildActionMask = 2147483647;
			files = (
				0788650A2C56355D007D974C /* Preview Assets.xcassets in Resources */,
				078865072C56355D007D974C /* Assets.xcassets in Resources */,
			);
			runOnlyForDeploymentPostprocessing = 0;
		};
		0788650D2C56355D007D974C /* Resources */ = {
			isa = PBXResourcesBuildPhase;
			buildActionMask = 2147483647;
			files = (
			);
			runOnlyForDeploymentPostprocessing = 0;
		};
		078865172C56355D007D974C /* Resources */ = {
			isa = PBXResourcesBuildPhase;
			buildActionMask = 2147483647;
			files = (
			);
			runOnlyForDeploymentPostprocessing = 0;
		};
/* End PBXResourcesBuildPhase section */

/* Begin PBXSourcesBuildPhase section */
		078864FB2C563559007D974C /* Sources */ = {
			isa = PBXSourcesBuildPhase;
			buildActionMask = 2147483647;
			files = (
				078865552C5673FF007D974C /* HomeViewModel.swift in Sources */,
				078865432C56424A007D974C /* Unit.swift in Sources */,
				078865362C563E0F007D974C /* APIManager.swift in Sources */,
				078865452C564399007D974C /* Detail.swift in Sources */,
				078865052C563559007D974C /* ContentView.swift in Sources */,
				078865032C563559007D974C /* WeatherForecastApp.swift in Sources */,
				078865322C563A26007D974C /* APICall.swift in Sources */,
				078865502C566CCB007D974C /* LocationForecast.swift in Sources */,
				0788653B2C5640AC007D974C /* MessageView.swift in Sources */,
				078865592C56764B007D974C /* HomeView.swift in Sources */,
				078865532C566D10007D974C /* Properties.swift in Sources */,
				0788653E2C564159007D974C /* BaseViewModel.swift in Sources */,
				078865392C564098007D974C /* ErrorView.swift in Sources */,
				0788654E2C566C1D007D974C /* LocationForecastManager.swift in Sources */,
				0788652F2C5639C1007D974C /* URL.swift in Sources */,
				078865472C564768007D974C /* TimeSeries.swift in Sources */,
				078865412C564235007D974C /* Meta.swift in Sources */,
				0788655B2C569C5A007D974C /* BackgroundView.swift in Sources */,
				078865342C563B2F007D974C /* UserRouter.swift in Sources */,
			);
			runOnlyForDeploymentPostprocessing = 0;
		};
		0788650B2C56355D007D974C /* Sources */ = {
			isa = PBXSourcesBuildPhase;
			buildActionMask = 2147483647;
			files = (
				078865142C56355D007D974C /* WeatherForecastTests.swift in Sources */,
			);
			runOnlyForDeploymentPostprocessing = 0;
		};
		078865152C56355D007D974C /* Sources */ = {
			isa = PBXSourcesBuildPhase;
			buildActionMask = 2147483647;
			files = (
				078865202C56355D007D974C /* WeatherForecastUITestsLaunchTests.swift in Sources */,
				0788651E2C56355D007D974C /* WeatherForecastUITests.swift in Sources */,
			);
			runOnlyForDeploymentPostprocessing = 0;
		};
/* End PBXSourcesBuildPhase section */

/* Begin PBXTargetDependency section */
		078865112C56355D007D974C /* PBXTargetDependency */ = {
			isa = PBXTargetDependency;
			target = 078864FE2C563559007D974C /* WeatherForecast */;
			targetProxy = 078865102C56355D007D974C /* PBXContainerItemProxy */;
		};
		0788651B2C56355D007D974C /* PBXTargetDependency */ = {
			isa = PBXTargetDependency;
			target = 078864FE2C563559007D974C /* WeatherForecast */;
			targetProxy = 0788651A2C56355D007D974C /* PBXContainerItemProxy */;
		};
/* End PBXTargetDependency section */

/* Begin XCBuildConfiguration section */
		078865212C56355D007D974C /* Debug */ = {
			isa = XCBuildConfiguration;
			buildSettings = {
				ALWAYS_SEARCH_USER_PATHS = NO;
				ASSETCATALOG_COMPILER_GENERATE_SWIFT_ASSET_SYMBOL_EXTENSIONS = YES;
				CLANG_ANALYZER_NONNULL = YES;
				CLANG_ANALYZER_NUMBER_OBJECT_CONVERSION = YES_AGGRESSIVE;
				CLANG_CXX_LANGUAGE_STANDARD = "gnu++20";
				CLANG_ENABLE_MODULES = YES;
				CLANG_ENABLE_OBJC_ARC = YES;
				CLANG_ENABLE_OBJC_WEAK = YES;
				CLANG_WARN_BLOCK_CAPTURE_AUTORELEASING = YES;
				CLANG_WARN_BOOL_CONVERSION = YES;
				CLANG_WARN_COMMA = YES;
				CLANG_WARN_CONSTANT_CONVERSION = YES;
				CLANG_WARN_DEPRECATED_OBJC_IMPLEMENTATIONS = YES;
				CLANG_WARN_DIRECT_OBJC_ISA_USAGE = YES_ERROR;
				CLANG_WARN_DOCUMENTATION_COMMENTS = YES;
				CLANG_WARN_EMPTY_BODY = YES;
				CLANG_WARN_ENUM_CONVERSION = YES;
				CLANG_WARN_INFINITE_RECURSION = YES;
				CLANG_WARN_INT_CONVERSION = YES;
				CLANG_WARN_NON_LITERAL_NULL_CONVERSION = YES;
				CLANG_WARN_OBJC_IMPLICIT_RETAIN_SELF = YES;
				CLANG_WARN_OBJC_LITERAL_CONVERSION = YES;
				CLANG_WARN_OBJC_ROOT_CLASS = YES_ERROR;
				CLANG_WARN_QUOTED_INCLUDE_IN_FRAMEWORK_HEADER = YES;
				CLANG_WARN_RANGE_LOOP_ANALYSIS = YES;
				CLANG_WARN_STRICT_PROTOTYPES = YES;
				CLANG_WARN_SUSPICIOUS_MOVE = YES;
				CLANG_WARN_UNGUARDED_AVAILABILITY = YES_AGGRESSIVE;
				CLANG_WARN_UNREACHABLE_CODE = YES;
				CLANG_WARN__DUPLICATE_METHOD_MATCH = YES;
				COPY_PHASE_STRIP = NO;
				DEBUG_INFORMATION_FORMAT = dwarf;
				ENABLE_STRICT_OBJC_MSGSEND = YES;
				ENABLE_TESTABILITY = YES;
				ENABLE_USER_SCRIPT_SANDBOXING = YES;
				GCC_C_LANGUAGE_STANDARD = gnu17;
				GCC_DYNAMIC_NO_PIC = NO;
				GCC_NO_COMMON_BLOCKS = YES;
				GCC_OPTIMIZATION_LEVEL = 0;
				GCC_PREPROCESSOR_DEFINITIONS = (
					"DEBUG=1",
					"$(inherited)",
				);
				GCC_WARN_64_TO_32_BIT_CONVERSION = YES;
				GCC_WARN_ABOUT_RETURN_TYPE = YES_ERROR;
				GCC_WARN_UNDECLARED_SELECTOR = YES;
				GCC_WARN_UNINITIALIZED_AUTOS = YES_AGGRESSIVE;
				GCC_WARN_UNUSED_FUNCTION = YES;
				GCC_WARN_UNUSED_VARIABLE = YES;
				IPHONEOS_DEPLOYMENT_TARGET = 17.5;
				LOCALIZATION_PREFERS_STRING_CATALOGS = YES;
				MTL_ENABLE_DEBUG_INFO = INCLUDE_SOURCE;
				MTL_FAST_MATH = YES;
				ONLY_ACTIVE_ARCH = YES;
				SDKROOT = iphoneos;
				SWIFT_ACTIVE_COMPILATION_CONDITIONS = "DEBUG $(inherited)";
				SWIFT_OPTIMIZATION_LEVEL = "-Onone";
			};
			name = Debug;
		};
		078865222C56355D007D974C /* Release */ = {
			isa = XCBuildConfiguration;
			buildSettings = {
				ALWAYS_SEARCH_USER_PATHS = NO;
				ASSETCATALOG_COMPILER_GENERATE_SWIFT_ASSET_SYMBOL_EXTENSIONS = YES;
				CLANG_ANALYZER_NONNULL = YES;
				CLANG_ANALYZER_NUMBER_OBJECT_CONVERSION = YES_AGGRESSIVE;
				CLANG_CXX_LANGUAGE_STANDARD = "gnu++20";
				CLANG_ENABLE_MODULES = YES;
				CLANG_ENABLE_OBJC_ARC = YES;
				CLANG_ENABLE_OBJC_WEAK = YES;
				CLANG_WARN_BLOCK_CAPTURE_AUTORELEASING = YES;
				CLANG_WARN_BOOL_CONVERSION = YES;
				CLANG_WARN_COMMA = YES;
				CLANG_WARN_CONSTANT_CONVERSION = YES;
				CLANG_WARN_DEPRECATED_OBJC_IMPLEMENTATIONS = YES;
				CLANG_WARN_DIRECT_OBJC_ISA_USAGE = YES_ERROR;
				CLANG_WARN_DOCUMENTATION_COMMENTS = YES;
				CLANG_WARN_EMPTY_BODY = YES;
				CLANG_WARN_ENUM_CONVERSION = YES;
				CLANG_WARN_INFINITE_RECURSION = YES;
				CLANG_WARN_INT_CONVERSION = YES;
				CLANG_WARN_NON_LITERAL_NULL_CONVERSION = YES;
				CLANG_WARN_OBJC_IMPLICIT_RETAIN_SELF = YES;
				CLANG_WARN_OBJC_LITERAL_CONVERSION = YES;
				CLANG_WARN_OBJC_ROOT_CLASS = YES_ERROR;
				CLANG_WARN_QUOTED_INCLUDE_IN_FRAMEWORK_HEADER = YES;
				CLANG_WARN_RANGE_LOOP_ANALYSIS = YES;
				CLANG_WARN_STRICT_PROTOTYPES = YES;
				CLANG_WARN_SUSPICIOUS_MOVE = YES;
				CLANG_WARN_UNGUARDED_AVAILABILITY = YES_AGGRESSIVE;
				CLANG_WARN_UNREACHABLE_CODE = YES;
				CLANG_WARN__DUPLICATE_METHOD_MATCH = YES;
				COPY_PHASE_STRIP = NO;
				DEBUG_INFORMATION_FORMAT = "dwarf-with-dsym";
				ENABLE_NS_ASSERTIONS = NO;
				ENABLE_STRICT_OBJC_MSGSEND = YES;
				ENABLE_USER_SCRIPT_SANDBOXING = YES;
				GCC_C_LANGUAGE_STANDARD = gnu17;
				GCC_NO_COMMON_BLOCKS = YES;
				GCC_WARN_64_TO_32_BIT_CONVERSION = YES;
				GCC_WARN_ABOUT_RETURN_TYPE = YES_ERROR;
				GCC_WARN_UNDECLARED_SELECTOR = YES;
				GCC_WARN_UNINITIALIZED_AUTOS = YES_AGGRESSIVE;
				GCC_WARN_UNUSED_FUNCTION = YES;
				GCC_WARN_UNUSED_VARIABLE = YES;
				IPHONEOS_DEPLOYMENT_TARGET = 17.5;
				LOCALIZATION_PREFERS_STRING_CATALOGS = YES;
				MTL_ENABLE_DEBUG_INFO = NO;
				MTL_FAST_MATH = YES;
				SDKROOT = iphoneos;
				SWIFT_COMPILATION_MODE = wholemodule;
				VALIDATE_PRODUCT = YES;
			};
			name = Release;
		};
		078865242C56355D007D974C /* Debug */ = {
			isa = XCBuildConfiguration;
			buildSettings = {
				ASSETCATALOG_COMPILER_APPICON_NAME = AppIcon;
				ASSETCATALOG_COMPILER_GLOBAL_ACCENT_COLOR_NAME = AccentColor;
				CODE_SIGN_STYLE = Automatic;
				CURRENT_PROJECT_VERSION = 1;
				DEVELOPMENT_ASSET_PATHS = "\"WeatherForecast/Preview Content\"";
				DEVELOPMENT_TEAM = N69UX37RZ9;
				ENABLE_PREVIEWS = YES;
				GENERATE_INFOPLIST_FILE = YES;
				INFOPLIST_KEY_UIApplicationSceneManifest_Generation = YES;
				INFOPLIST_KEY_UIApplicationSupportsIndirectInputEvents = YES;
				INFOPLIST_KEY_UILaunchScreen_Generation = YES;
				INFOPLIST_KEY_UISupportedInterfaceOrientations_iPad = "UIInterfaceOrientationPortrait UIInterfaceOrientationPortraitUpsideDown UIInterfaceOrientationLandscapeLeft UIInterfaceOrientationLandscapeRight";
				INFOPLIST_KEY_UISupportedInterfaceOrientations_iPhone = "UIInterfaceOrientationPortrait UIInterfaceOrientationLandscapeLeft UIInterfaceOrientationLandscapeRight";
				LD_RUNPATH_SEARCH_PATHS = (
					"$(inherited)",
					"@executable_path/Frameworks",
				);
				MARKETING_VERSION = 1.0;
				PRODUCT_BUNDLE_IDENTIFIER = com.rishab.WeatherForecast;
				PRODUCT_NAME = "$(TARGET_NAME)";
				SWIFT_EMIT_LOC_STRINGS = YES;
				SWIFT_VERSION = 5.0;
				TARGETED_DEVICE_FAMILY = "1,2";
			};
			name = Debug;
		};
		078865252C56355D007D974C /* Release */ = {
			isa = XCBuildConfiguration;
			buildSettings = {
				ASSETCATALOG_COMPILER_APPICON_NAME = AppIcon;
				ASSETCATALOG_COMPILER_GLOBAL_ACCENT_COLOR_NAME = AccentColor;
				CODE_SIGN_STYLE = Automatic;
				CURRENT_PROJECT_VERSION = 1;
				DEVELOPMENT_ASSET_PATHS = "\"WeatherForecast/Preview Content\"";
				DEVELOPMENT_TEAM = N69UX37RZ9;
				ENABLE_PREVIEWS = YES;
				GENERATE_INFOPLIST_FILE = YES;
				INFOPLIST_KEY_UIApplicationSceneManifest_Generation = YES;
				INFOPLIST_KEY_UIApplicationSupportsIndirectInputEvents = YES;
				INFOPLIST_KEY_UILaunchScreen_Generation = YES;
				INFOPLIST_KEY_UISupportedInterfaceOrientations_iPad = "UIInterfaceOrientationPortrait UIInterfaceOrientationPortraitUpsideDown UIInterfaceOrientationLandscapeLeft UIInterfaceOrientationLandscapeRight";
				INFOPLIST_KEY_UISupportedInterfaceOrientations_iPhone = "UIInterfaceOrientationPortrait UIInterfaceOrientationLandscapeLeft UIInterfaceOrientationLandscapeRight";
				LD_RUNPATH_SEARCH_PATHS = (
					"$(inherited)",
					"@executable_path/Frameworks",
				);
				MARKETING_VERSION = 1.0;
				PRODUCT_BUNDLE_IDENTIFIER = com.rishab.WeatherForecast;
				PRODUCT_NAME = "$(TARGET_NAME)";
				SWIFT_EMIT_LOC_STRINGS = YES;
				SWIFT_VERSION = 5.0;
				TARGETED_DEVICE_FAMILY = "1,2";
			};
			name = Release;
		};
		078865272C56355D007D974C /* Debug */ = {
			isa = XCBuildConfiguration;
			buildSettings = {
				ALWAYS_EMBED_SWIFT_STANDARD_LIBRARIES = YES;
				BUNDLE_LOADER = "$(TEST_HOST)";
				CODE_SIGN_STYLE = Automatic;
				CURRENT_PROJECT_VERSION = 1;
				DEVELOPMENT_TEAM = N69UX37RZ9;
				GENERATE_INFOPLIST_FILE = YES;
				IPHONEOS_DEPLOYMENT_TARGET = 17.5;
				MARKETING_VERSION = 1.0;
				PRODUCT_BUNDLE_IDENTIFIER = com.rishab.WeatherForecastTests;
				PRODUCT_NAME = "$(TARGET_NAME)";
				SWIFT_EMIT_LOC_STRINGS = NO;
				SWIFT_VERSION = 5.0;
				TARGETED_DEVICE_FAMILY = "1,2";
				TEST_HOST = "$(BUILT_PRODUCTS_DIR)/WeatherForecast.app/$(BUNDLE_EXECUTABLE_FOLDER_PATH)/WeatherForecast";
			};
			name = Debug;
		};
		078865282C56355D007D974C /* Release */ = {
			isa = XCBuildConfiguration;
			buildSettings = {
				ALWAYS_EMBED_SWIFT_STANDARD_LIBRARIES = YES;
				BUNDLE_LOADER = "$(TEST_HOST)";
				CODE_SIGN_STYLE = Automatic;
				CURRENT_PROJECT_VERSION = 1;
				DEVELOPMENT_TEAM = N69UX37RZ9;
				GENERATE_INFOPLIST_FILE = YES;
				IPHONEOS_DEPLOYMENT_TARGET = 17.5;
				MARKETING_VERSION = 1.0;
				PRODUCT_BUNDLE_IDENTIFIER = com.rishab.WeatherForecastTests;
				PRODUCT_NAME = "$(TARGET_NAME)";
				SWIFT_EMIT_LOC_STRINGS = NO;
				SWIFT_VERSION = 5.0;
				TARGETED_DEVICE_FAMILY = "1,2";
				TEST_HOST = "$(BUILT_PRODUCTS_DIR)/WeatherForecast.app/$(BUNDLE_EXECUTABLE_FOLDER_PATH)/WeatherForecast";
			};
			name = Release;
		};
		0788652A2C56355D007D974C /* Debug */ = {
			isa = XCBuildConfiguration;
			buildSettings = {
				ALWAYS_EMBED_SWIFT_STANDARD_LIBRARIES = YES;
				CODE_SIGN_STYLE = Automatic;
				CURRENT_PROJECT_VERSION = 1;
				DEVELOPMENT_TEAM = N69UX37RZ9;
				GENERATE_INFOPLIST_FILE = YES;
				MARKETING_VERSION = 1.0;
				PRODUCT_BUNDLE_IDENTIFIER = com.rishab.WeatherForecastUITests;
				PRODUCT_NAME = "$(TARGET_NAME)";
				SWIFT_EMIT_LOC_STRINGS = NO;
				SWIFT_VERSION = 5.0;
				TARGETED_DEVICE_FAMILY = "1,2";
				TEST_TARGET_NAME = WeatherForecast;
			};
			name = Debug;
		};
		0788652B2C56355D007D974C /* Release */ = {
			isa = XCBuildConfiguration;
			buildSettings = {
				ALWAYS_EMBED_SWIFT_STANDARD_LIBRARIES = YES;
				CODE_SIGN_STYLE = Automatic;
				CURRENT_PROJECT_VERSION = 1;
				DEVELOPMENT_TEAM = N69UX37RZ9;
				GENERATE_INFOPLIST_FILE = YES;
				MARKETING_VERSION = 1.0;
				PRODUCT_BUNDLE_IDENTIFIER = com.rishab.WeatherForecastUITests;
				PRODUCT_NAME = "$(TARGET_NAME)";
				SWIFT_EMIT_LOC_STRINGS = NO;
				SWIFT_VERSION = 5.0;
				TARGETED_DEVICE_FAMILY = "1,2";
				TEST_TARGET_NAME = WeatherForecast;
			};
			name = Release;
		};
/* End XCBuildConfiguration section */

/* Begin XCConfigurationList section */
		078864FA2C563559007D974C /* Build configuration list for PBXProject "WeatherForecast" */ = {
			isa = XCConfigurationList;
			buildConfigurations = (
				078865212C56355D007D974C /* Debug */,
				078865222C56355D007D974C /* Release */,
			);
			defaultConfigurationIsVisible = 0;
			defaultConfigurationName = Release;
		};
		078865232C56355D007D974C /* Build configuration list for PBXNativeTarget "WeatherForecast" */ = {
			isa = XCConfigurationList;
			buildConfigurations = (
				078865242C56355D007D974C /* Debug */,
				078865252C56355D007D974C /* Release */,
			);
			defaultConfigurationIsVisible = 0;
			defaultConfigurationName = Release;
		};
		078865262C56355D007D974C /* Build configuration list for PBXNativeTarget "WeatherForecastTests" */ = {
			isa = XCConfigurationList;
			buildConfigurations = (
				078865272C56355D007D974C /* Debug */,
				078865282C56355D007D974C /* Release */,
			);
			defaultConfigurationIsVisible = 0;
			defaultConfigurationName = Release;
		};
		078865292C56355D007D974C /* Build configuration list for PBXNativeTarget "WeatherForecastUITests" */ = {
			isa = XCConfigurationList;
			buildConfigurations = (
				0788652A2C56355D007D974C /* Debug */,
				0788652B2C56355D007D974C /* Release */,
			);
			defaultConfigurationIsVisible = 0;
			defaultConfigurationName = Release;
		};
/* End XCConfigurationList section */
	};
	rootObject = 078864F72C563559007D974C /* Project object */;
}
